
Microsoft Visual Studio Solution File, Format Version 12.00
# Visual Studio 15
VisualStudioVersion = 15.0.28010.2036
MinimumVisualStudioVersion = 10.0.40219.1
Project("{FAE04EC0-301F-11D3-BF4B-00C04F79EFBC}") = "EggNotification", "CustomNotification\EggNotification.csproj", "{341B1387-C719-4681-8B59-E76E206CCE53}"
EndProject
Project("{FAE04EC0-301F-11D3-BF4B-00C04F79EFBC}") = "NotificationTest", "NotificationTest\NotificationTest.csproj", "{07A93541-800F-4195-AC9E-4C88C055EC4F}"
EndProject
Global
	GlobalSection(SolutionConfigurationPlatforms) = preSolution
		Debug|Any CPU = Debug|Any CPU
		Release|Any CPU = Release|Any CPU
	EndGlobalSection
	GlobalSection(ProjectConfigurationPlatforms) = postSolution
		{341B1387-C719-4681-8B59-E76E206CCE53}.Debug|Any CPU.ActiveCfg = Debug|Any CPU
		{341B1387-C719-4681-8B59-E76E206CCE53}.Debug|Any CPU.Build.0 = Debug|Any CPU
		{341B1387-C719-4681-8B59-E76E206CCE53}.Release|Any CPU.ActiveCfg = Release|Any CPU
		{341B1387-C719-4681-8B59-E76E206CCE53}.Release|Any CPU.Build.0 = Release|Any CPU
		{07A93541-800F-4195-AC9E-4C88C055EC4F}.Debug|Any CPU.ActiveCfg = Debug|Any CPU
		{07A93541-800F-4195-AC9E-4C88C055EC4F}.Debug|Any CPU.Build.0 = Debug|Any CPU
		{07A93541-800F-4195-AC9E-4C88C055EC4F}.Release|Any CPU.ActiveCfg = Release|Any CPU
		{07A93541-800F-4195-AC9E-4C88C055EC4F}.Release|Any CPU.Build.0 = Release|Any CPU
	EndGlobalSection
	GlobalSection(SolutionProperties) = preSolution
		HideSolutionNode = FALSE
	EndGlobalSection
	GlobalSection(ExtensibilityGlobals) = postSolution
		SolutionGuid = {B8E7345B-583F-4C11-BC11-DC2FA7F1206F}
	EndGlobalSection
EndGlobal
